
Microsoft Visual Studio Solution File, Format Version 12.00
# Visual Studio Version 17
VisualStudioVersion = 17.1.32328.378
MinimumVisualStudioVersion = 10.0.40219.1
Project("{FAE04EC0-301F-11D3-BF4B-00C04F79EFBC}") = "ticTacToe", "ticTacToe.csproj", "{137FA604-96EC-4591-BDA5-10EFE423FD6A}"
EndProject
Global
	GlobalSection(SolutionConfigurationPlatforms) = preSolution
		Debug|Any CPU = Debug|Any CPU
		Release|Any CPU = Release|Any CPU
	EndGlobalSection
	GlobalSection(ProjectConfigurationPlatforms) = postSolution
		{137FA604-96EC-4591-BDA5-10EFE423FD6A}.Debug|Any CPU.ActiveCfg = Debug|Any CPU
		{137FA604-96EC-4591-BDA5-10EFE423FD6A}.Debug|Any CPU.Build.0 = Debug|Any CPU
		{137FA604-96EC-4591-BDA5-10EFE423FD6A}.Release|Any CPU.ActiveCfg = Release|Any CPU
		{137FA604-96EC-4591-BDA5-10EFE423FD6A}.Release|Any CPU.Build.0 = Release|Any CPU
	EndGlobalSection
	GlobalSection(SolutionProperties) = preSolution
		HideSolutionNode = FALSE
	EndGlobalSection
	GlobalSection(ExtensibilityGlobals) = postSolution
		SolutionGuid = {3A46C2CD-C004-49A8-9A7A-75A71638B027}
	EndGlobalSection
EndGlobal
